
Microsoft Visual Studio Solution File, Format Version 12.00
# Visual Studio Version 16
VisualStudioVersion = 16.0.30523.141
MinimumVisualStudioVersion = 10.0.40219.1
Project("{FAE04EC0-301F-11D3-BF4B-00C04F79EFBC}") = "CAtestGit", "CAtestGit\CAtestGit.csproj", "{B336889A-1C0E-44A7-90AD-1BFC8F17DACB}"
EndProject
Global
	GlobalSection(SolutionConfigurationPlatforms) = preSolution
		Debug|Any CPU = Debug|Any CPU
		Release|Any CPU = Release|Any CPU
	EndGlobalSection
	GlobalSection(ProjectConfigurationPlatforms) = postSolution
		{B336889A-1C0E-44A7-90AD-1BFC8F17DACB}.Debug|Any CPU.ActiveCfg = Debug|Any CPU
		{B336889A-1C0E-44A7-90AD-1BFC8F17DACB}.Debug|Any CPU.Build.0 = Debug|Any CPU
		{B336889A-1C0E-44A7-90AD-1BFC8F17DACB}.Release|Any CPU.ActiveCfg = Release|Any CPU
		{B336889A-1C0E-44A7-90AD-1BFC8F17DACB}.Release|Any CPU.Build.0 = Release|Any CPU
	EndGlobalSection
	GlobalSection(SolutionProperties) = preSolution
		HideSolutionNode = FALSE
	EndGlobalSection
	GlobalSection(ExtensibilityGlobals) = postSolution
		SolutionGuid = {CEBF8F85-6C80-4ECA-90BA-5AFEB2C6EE56}
	EndGlobalSection
EndGlobal
